// !$*UTF8*$!
{
	archiveVersion = 1;
	classes = {
	};
	objectVersion = 77;
	objects = {

/* Begin PBXBuildFile section */
		928A71262E08B69A005E93FE /* FirebaseAI in Frameworks */ = {isa = PBXBuildFile; productRef = 928A71252E08B69A005E93FE /* FirebaseAI */; };
		928A71282E08B69A005E93FE /* FirebaseAnalytics in Frameworks */ = {isa = PBXBuildFile; productRef = 928A71272E08B69A005E93FE /* FirebaseAnalytics */; };
		928A712A2E08B69A005E93FE /* FirebaseAnalyticsCore in Frameworks */ = {isa = PBXBuildFile; productRef = 928A71292E08B69A005E93FE /* FirebaseAnalyticsCore */; };
		928A712C2E08B69A005E93FE /* FirebaseAnalyticsIdentitySupport in Frameworks */ = {isa = PBXBuildFile; productRef = 928A712B2E08B69A005E93FE /* FirebaseAnalyticsIdentitySupport */; };
		928A712E2E08B69A005E93FE /* FirebaseAnalyticsOnDeviceConversion in Frameworks */ = {isa = PBXBuildFile; productRef = 928A712D2E08B69A005E93FE /* FirebaseAnalyticsOnDeviceConversion */; };
		929717232E1C5A7B006EE123 /* FirebaseFirestore in Frameworks */ = {isa = PBXBuildFile; productRef = 929717222E1C5A7B006EE123 /* FirebaseFirestore */; };
		92E737B72E0DC33900640663 /* FirebaseAuth in Frameworks */ = {isa = PBXBuildFile; productRef = 92E737B62E0DC33900640663 /* FirebaseAuth */; };
		FBE8C3AC2E2146BE00E4B4F6 /* DeviceActivity.framework in Frameworks */ = {isa = PBXBuildFile; fileRef = FBE8C3AB2E2146BE00E4B4F6 /* DeviceActivity.framework */; };
		FBE8C3B42E2146BE00E4B4F6 /* activityMonitor.appex in Embed Foundation Extensions */ = {isa = PBXBuildFile; fileRef = FBE8C3AA2E2146BE00E4B4F6 /* activityMonitor.appex */; settings = {ATTRIBUTES = (RemoveHeadersOnCopy, ); }; };
		FBE8C3C42E21477A00E4B4F6 /* ManagedSettings.framework in Frameworks */ = {isa = PBXBuildFile; fileRef = FBE8C3C32E21477A00E4B4F6 /* ManagedSettings.framework */; };
		FBE8C3C62E21477A00E4B4F6 /* ManagedSettingsUI.framework in Frameworks */ = {isa = PBXBuildFile; fileRef = FBE8C3C52E21477A00E4B4F6 /* ManagedSettingsUI.framework */; };
		FBE8C3CE2E21477A00E4B4F6 /* shieldUI.appex in Embed Foundation Extensions */ = {isa = PBXBuildFile; fileRef = FBE8C3C22E21477A00E4B4F6 /* shieldUI.appex */; settings = {ATTRIBUTES = (RemoveHeadersOnCopy, ); }; };
		FBE8C3D82E21478900E4B4F6 /* ManagedSettings.framework in Frameworks */ = {isa = PBXBuildFile; fileRef = FBE8C3C32E21477A00E4B4F6 /* ManagedSettings.framework */; };
		FBE8C3E02E21478900E4B4F6 /* shieldAction.appex in Embed Foundation Extensions */ = {isa = PBXBuildFile; fileRef = FBE8C3D72E21478900E4B4F6 /* shieldAction.appex */; settings = {ATTRIBUTES = (RemoveHeadersOnCopy, ); }; };
		FBE8C3F52E21631900E4B4F6 /* activityReport.appex in Embed ExtensionKit Extensions */ = {isa = PBXBuildFile; fileRef = FBE8C3E92E21631900E4B4F6 /* activityReport.appex */; settings = {ATTRIBUTES = (RemoveHeadersOnCopy, ); }; };
/* End PBXBuildFile section */

/* Begin PBXContainerItemProxy section */
		928A70DA2E0753E3005E93FE /* PBXContainerItemProxy */ = {
			isa = PBXContainerItemProxy;
			containerPortal = 928A70C32E0753E2005E93FE /* Project object */;
			proxyType = 1;
			remoteGlobalIDString = 928A70CA2E0753E2005E93FE;
			remoteInfo = Bettr;
		};
		928A70E42E0753E3005E93FE /* PBXContainerItemProxy */ = {
			isa = PBXContainerItemProxy;
			containerPortal = 928A70C32E0753E2005E93FE /* Project object */;
			proxyType = 1;
			remoteGlobalIDString = 928A70CA2E0753E2005E93FE;
			remoteInfo = Bettr;
		};
		FBE8C3B22E2146BE00E4B4F6 /* PBXContainerItemProxy */ = {
			isa = PBXContainerItemProxy;
			containerPortal = 928A70C32E0753E2005E93FE /* Project object */;
			proxyType = 1;
			remoteGlobalIDString = FBE8C3A92E2146BE00E4B4F6;
			remoteInfo = activityMonitor;
		};
		FBE8C3CC2E21477A00E4B4F6 /* PBXContainerItemProxy */ = {
			isa = PBXContainerItemProxy;
			containerPortal = 928A70C32E0753E2005E93FE /* Project object */;
			proxyType = 1;
			remoteGlobalIDString = FBE8C3C12E21477A00E4B4F6;
			remoteInfo = shieldUI;
		};
		FBE8C3DE2E21478900E4B4F6 /* PBXContainerItemProxy */ = {
			isa = PBXContainerItemProxy;
			containerPortal = 928A70C32E0753E2005E93FE /* Project object */;
			proxyType = 1;
			remoteGlobalIDString = FBE8C3D62E21478900E4B4F6;
			remoteInfo = shieldAction;
		};
		FBE8C3F32E21631900E4B4F6 /* PBXContainerItemProxy */ = {
			isa = PBXContainerItemProxy;
			containerPortal = 928A70C32E0753E2005E93FE /* Project object */;
			proxyType = 1;
			remoteGlobalIDString = FBE8C3E82E21631900E4B4F6;
			remoteInfo = activityReport;
		};
/* End PBXContainerItemProxy section */

/* Begin PBXCopyFilesBuildPhase section */
		92BC891A2E1C3FC7006017DF /* Embed Frameworks */ = {
			isa = PBXCopyFilesBuildPhase;
			buildActionMask = 2147483647;
			dstPath = "";
			dstSubfolderSpec = 10;
			files = (
			);
			name = "Embed Frameworks";
			runOnlyForDeploymentPostprocessing = 0;
		};
		FBE8C3B52E2146BE00E4B4F6 /* Embed Foundation Extensions */ = {
			isa = PBXCopyFilesBuildPhase;
			buildActionMask = 2147483647;
			dstPath = "";
			dstSubfolderSpec = 13;
			files = (
				FBE8C3E02E21478900E4B4F6 /* shieldAction.appex in Embed Foundation Extensions */,
				FBE8C3B42E2146BE00E4B4F6 /* activityMonitor.appex in Embed Foundation Extensions */,
				FBE8C3CE2E21477A00E4B4F6 /* shieldUI.appex in Embed Foundation Extensions */,
			);
			name = "Embed Foundation Extensions";
			runOnlyForDeploymentPostprocessing = 0;
		};
		FBE8C3FA2E21631900E4B4F6 /* Embed ExtensionKit Extensions */ = {
			isa = PBXCopyFilesBuildPhase;
			buildActionMask = 2147483647;
			dstPath = "$(EXTENSIONS_FOLDER_PATH)";
			dstSubfolderSpec = 16;
			files = (
				FBE8C3F52E21631900E4B4F6 /* activityReport.appex in Embed ExtensionKit Extensions */,
			);
			name = "Embed ExtensionKit Extensions";
			runOnlyForDeploymentPostprocessing = 0;
		};
/* End PBXCopyFilesBuildPhase section */

/* Begin PBXFileReference section */
		928A70CB2E0753E2005E93FE /* Bettr.app */ = {isa = PBXFileReference; explicitFileType = wrapper.application; includeInIndex = 0; path = Bettr.app; sourceTree = BUILT_PRODUCTS_DIR; };
		928A70D92E0753E3005E93FE /* BettrTests.xctest */ = {isa = PBXFileReference; explicitFileType = wrapper.cfbundle; includeInIndex = 0; path = BettrTests.xctest; sourceTree = BUILT_PRODUCTS_DIR; };
		928A70E32E0753E3005E93FE /* BettrUITests.xctest */ = {isa = PBXFileReference; explicitFileType = wrapper.cfbundle; includeInIndex = 0; path = BettrUITests.xctest; sourceTree = BUILT_PRODUCTS_DIR; };
		FBE8C3AA2E2146BE00E4B4F6 /* activityMonitor.appex */ = {isa = PBXFileReference; explicitFileType = "wrapper.app-extension"; includeInIndex = 0; path = activityMonitor.appex; sourceTree = BUILT_PRODUCTS_DIR; };
		FBE8C3AB2E2146BE00E4B4F6 /* DeviceActivity.framework */ = {isa = PBXFileReference; lastKnownFileType = wrapper.framework; name = DeviceActivity.framework; path = System/Library/Frameworks/DeviceActivity.framework; sourceTree = SDKROOT; };
		FBE8C3C22E21477A00E4B4F6 /* shieldUI.appex */ = {isa = PBXFileReference; explicitFileType = "wrapper.app-extension"; includeInIndex = 0; path = shieldUI.appex; sourceTree = BUILT_PRODUCTS_DIR; };
		FBE8C3C32E21477A00E4B4F6 /* ManagedSettings.framework */ = {isa = PBXFileReference; lastKnownFileType = wrapper.framework; name = ManagedSettings.framework; path = System/Library/Frameworks/ManagedSettings.framework; sourceTree = SDKROOT; };
		FBE8C3C52E21477A00E4B4F6 /* ManagedSettingsUI.framework */ = {isa = PBXFileReference; lastKnownFileType = wrapper.framework; name = ManagedSettingsUI.framework; path = Library/Frameworks/ManagedSettingsUI.framework; sourceTree = DEVELOPER_DIR; };
		FBE8C3D72E21478900E4B4F6 /* shieldAction.appex */ = {isa = PBXFileReference; explicitFileType = "wrapper.app-extension"; includeInIndex = 0; path = shieldAction.appex; sourceTree = BUILT_PRODUCTS_DIR; };
		FBE8C3E92E21631900E4B4F6 /* activityReport.appex */ = {isa = PBXFileReference; explicitFileType = "wrapper.extensionkit-extension"; includeInIndex = 0; path = activityReport.appex; sourceTree = BUILT_PRODUCTS_DIR; };
/* End PBXFileReference section */

/* Begin PBXFileSystemSynchronizedBuildFileExceptionSet section */
		FBE8C3B82E2146BE00E4B4F6 /* Exceptions for "activityMonitor" folder in "activityMonitor" target */ = {
			isa = PBXFileSystemSynchronizedBuildFileExceptionSet;
			membershipExceptions = (
				Info.plist,
			);
			target = FBE8C3A92E2146BE00E4B4F6 /* activityMonitor */;
		};
		FBE8C3CF2E21477A00E4B4F6 /* Exceptions for "shieldUI" folder in "shieldUI" target */ = {
			isa = PBXFileSystemSynchronizedBuildFileExceptionSet;
			membershipExceptions = (
				Info.plist,
			);
			target = FBE8C3C12E21477A00E4B4F6 /* shieldUI */;
		};
		FBE8C3E12E21478900E4B4F6 /* Exceptions for "shieldAction" folder in "shieldAction" target */ = {
			isa = PBXFileSystemSynchronizedBuildFileExceptionSet;
			membershipExceptions = (
				Info.plist,
			);
			target = FBE8C3D62E21478900E4B4F6 /* shieldAction */;
		};
		FBE8C3F62E21631900E4B4F6 /* Exceptions for "activityReport" folder in "activityReport" target */ = {
			isa = PBXFileSystemSynchronizedBuildFileExceptionSet;
			membershipExceptions = (
				Info.plist,
			);
			target = FBE8C3E82E21631900E4B4F6 /* activityReport */;
		};
/* End PBXFileSystemSynchronizedBuildFileExceptionSet section */

/* Begin PBXFileSystemSynchronizedRootGroup section */
		928A70CD2E0753E2005E93FE /* Bettr */ = {
			isa = PBXFileSystemSynchronizedRootGroup;
			path = Bettr;
			sourceTree = "<group>";
		};
		928A70DC2E0753E3005E93FE /* BettrTests */ = {
			isa = PBXFileSystemSynchronizedRootGroup;
			path = BettrTests;
			sourceTree = "<group>";
		};
		928A70E62E0753E3005E93FE /* BettrUITests */ = {
			isa = PBXFileSystemSynchronizedRootGroup;
			path = BettrUITests;
			sourceTree = "<group>";
		};
		FBE8C3AD2E2146BE00E4B4F6 /* activityMonitor */ = {
			isa = PBXFileSystemSynchronizedRootGroup;
			exceptions = (
				FBE8C3B82E2146BE00E4B4F6 /* Exceptions for "activityMonitor" folder in "activityMonitor" target */,
			);
			path = activityMonitor;
			sourceTree = "<group>";
		};
		FBE8C3C72E21477A00E4B4F6 /* shieldUI */ = {
			isa = PBXFileSystemSynchronizedRootGroup;
			exceptions = (
				FBE8C3CF2E21477A00E4B4F6 /* Exceptions for "shieldUI" folder in "shieldUI" target */,
			);
			path = shieldUI;
			sourceTree = "<group>";
		};
		FBE8C3D92E21478900E4B4F6 /* shieldAction */ = {
			isa = PBXFileSystemSynchronizedRootGroup;
			exceptions = (
				FBE8C3E12E21478900E4B4F6 /* Exceptions for "shieldAction" folder in "shieldAction" target */,
			);
			path = shieldAction;
			sourceTree = "<group>";
		};
		FBE8C3EA2E21631900E4B4F6 /* activityReport */ = {
			isa = PBXFileSystemSynchronizedRootGroup;
			exceptions = (
				FBE8C3F62E21631900E4B4F6 /* Exceptions for "activityReport" folder in "activityReport" target */,
			);
			path = activityReport;
			sourceTree = "<group>";
		};
/* End PBXFileSystemSynchronizedRootGroup section */

/* Begin PBXFrameworksBuildPhase section */
		928A70C82E0753E2005E93FE /* Frameworks */ = {
			isa = PBXFrameworksBuildPhase;
			buildActionMask = 2147483647;
			files = (
				928A712C2E08B69A005E93FE /* FirebaseAnalyticsIdentitySupport in Frameworks */,
				92E737B72E0DC33900640663 /* FirebaseAuth in Frameworks */,
				928A71282E08B69A005E93FE /* FirebaseAnalytics in Frameworks */,
				928A712E2E08B69A005E93FE /* FirebaseAnalyticsOnDeviceConversion in Frameworks */,
				928A712A2E08B69A005E93FE /* FirebaseAnalyticsCore in Frameworks */,
				928A71262E08B69A005E93FE /* FirebaseAI in Frameworks */,
				929717232E1C5A7B006EE123 /* FirebaseFirestore in Frameworks */,
			);
			runOnlyForDeploymentPostprocessing = 0;
		};
		928A70D62E0753E3005E93FE /* Frameworks */ = {
			isa = PBXFrameworksBuildPhase;
			buildActionMask = 2147483647;
			files = (
			);
			runOnlyForDeploymentPostprocessing = 0;
		};
		928A70E02E0753E3005E93FE /* Frameworks */ = {
			isa = PBXFrameworksBuildPhase;
			buildActionMask = 2147483647;
			files = (
			);
			runOnlyForDeploymentPostprocessing = 0;
		};
		FBE8C3A72E2146BE00E4B4F6 /* Frameworks */ = {
			isa = PBXFrameworksBuildPhase;
			buildActionMask = 2147483647;
			files = (
				FBE8C3AC2E2146BE00E4B4F6 /* DeviceActivity.framework in Frameworks */,
			);
			runOnlyForDeploymentPostprocessing = 0;
		};
		FBE8C3BF2E21477A00E4B4F6 /* Frameworks */ = {
			isa = PBXFrameworksBuildPhase;
			buildActionMask = 2147483647;
			files = (
				FBE8C3C42E21477A00E4B4F6 /* ManagedSettings.framework in Frameworks */,
				FBE8C3C62E21477A00E4B4F6 /* ManagedSettingsUI.framework in Frameworks */,
			);
			runOnlyForDeploymentPostprocessing = 0;
		};
		FBE8C3D42E21478900E4B4F6 /* Frameworks */ = {
			isa = PBXFrameworksBuildPhase;
			buildActionMask = 2147483647;
			files = (
				FBE8C3D82E21478900E4B4F6 /* ManagedSettings.framework in Frameworks */,
			);
			runOnlyForDeploymentPostprocessing = 0;
		};
		FBE8C3E62E21631900E4B4F6 /* Frameworks */ = {
			isa = PBXFrameworksBuildPhase;
			buildActionMask = 2147483647;
			files = (
			);
			runOnlyForDeploymentPostprocessing = 0;
		};
/* End PBXFrameworksBuildPhase section */

/* Begin PBXGroup section */
		928A70C22E0753E2005E93FE = {
			isa = PBXGroup;
			children = (
				928A70CD2E0753E2005E93FE /* Bettr */,
				928A70DC2E0753E3005E93FE /* BettrTests */,
				928A70E62E0753E3005E93FE /* BettrUITests */,
				FBE8C3AD2E2146BE00E4B4F6 /* activityMonitor */,
				FBE8C3C72E21477A00E4B4F6 /* shieldUI */,
				FBE8C3D92E21478900E4B4F6 /* shieldAction */,
				FBE8C3EA2E21631900E4B4F6 /* activityReport */,
				92E737B52E0DC33900640663 /* Frameworks */,
				928A70CC2E0753E2005E93FE /* Products */,
			);
			sourceTree = "<group>";
		};
		928A70CC2E0753E2005E93FE /* Products */ = {
			isa = PBXGroup;
			children = (
				928A70CB2E0753E2005E93FE /* Bettr.app */,
				928A70D92E0753E3005E93FE /* BettrTests.xctest */,
				928A70E32E0753E3005E93FE /* BettrUITests.xctest */,
				FBE8C3AA2E2146BE00E4B4F6 /* activityMonitor.appex */,
				FBE8C3C22E21477A00E4B4F6 /* shieldUI.appex */,
				FBE8C3D72E21478900E4B4F6 /* shieldAction.appex */,
				FBE8C3E92E21631900E4B4F6 /* activityReport.appex */,
			);
			name = Products;
			sourceTree = "<group>";
		};
		92E737B52E0DC33900640663 /* Frameworks */ = {
			isa = PBXGroup;
			children = (
				FBE8C3AB2E2146BE00E4B4F6 /* DeviceActivity.framework */,
				FBE8C3C32E21477A00E4B4F6 /* ManagedSettings.framework */,
				FBE8C3C52E21477A00E4B4F6 /* ManagedSettingsUI.framework */,
			);
			name = Frameworks;
			sourceTree = "<group>";
		};
/* End PBXGroup section */

/* Begin PBXNativeTarget section */
		928A70CA2E0753E2005E93FE /* Bettr */ = {
			isa = PBXNativeTarget;
			buildConfigurationList = 928A70ED2E0753E3005E93FE /* Build configuration list for PBXNativeTarget "Bettr" */;
			buildPhases = (
				928A70C72E0753E2005E93FE /* Sources */,
				928A70C82E0753E2005E93FE /* Frameworks */,
				928A70C92E0753E2005E93FE /* Resources */,
				92BC891A2E1C3FC7006017DF /* Embed Frameworks */,
				FBE8C3B52E2146BE00E4B4F6 /* Embed Foundation Extensions */,
				FBE8C3FA2E21631900E4B4F6 /* Embed ExtensionKit Extensions */,
			);
			buildRules = (
			);
			dependencies = (
				FBE8C3B32E2146BE00E4B4F6 /* PBXTargetDependency */,
				FBE8C3CD2E21477A00E4B4F6 /* PBXTargetDependency */,
				FBE8C3DF2E21478900E4B4F6 /* PBXTargetDependency */,
				FBE8C3F42E21631900E4B4F6 /* PBXTargetDependency */,
			);
			fileSystemSynchronizedGroups = (
				928A70CD2E0753E2005E93FE /* Bettr */,
			);
			name = Bettr;
			packageProductDependencies = (
				928A71252E08B69A005E93FE /* FirebaseAI */,
				928A71272E08B69A005E93FE /* FirebaseAnalytics */,
				928A71292E08B69A005E93FE /* FirebaseAnalyticsCore */,
				928A712B2E08B69A005E93FE /* FirebaseAnalyticsIdentitySupport */,
				928A712D2E08B69A005E93FE /* FirebaseAnalyticsOnDeviceConversion */,
				92E737B62E0DC33900640663 /* FirebaseAuth */,
				929717222E1C5A7B006EE123 /* FirebaseFirestore */,
			);
			productName = Bettr;
			productReference = 928A70CB2E0753E2005E93FE /* Bettr.app */;
			productType = "com.apple.product-type.application";
		};
		928A70D82E0753E3005E93FE /* BettrTests */ = {
			isa = PBXNativeTarget;
			buildConfigurationList = 928A70F02E0753E3005E93FE /* Build configuration list for PBXNativeTarget "BettrTests" */;
			buildPhases = (
				928A70D52E0753E3005E93FE /* Sources */,
				928A70D62E0753E3005E93FE /* Frameworks */,
				928A70D72E0753E3005E93FE /* Resources */,
			);
			buildRules = (
			);
			dependencies = (
				928A70DB2E0753E3005E93FE /* PBXTargetDependency */,
			);
			fileSystemSynchronizedGroups = (
				928A70DC2E0753E3005E93FE /* BettrTests */,
			);
			name = BettrTests;
			packageProductDependencies = (
			);
			productName = BettrTests;
			productReference = 928A70D92E0753E3005E93FE /* BettrTests.xctest */;
			productType = "com.apple.product-type.bundle.unit-test";
		};
		928A70E22E0753E3005E93FE /* BettrUITests */ = {
			isa = PBXNativeTarget;
			buildConfigurationList = 928A70F32E0753E3005E93FE /* Build configuration list for PBXNativeTarget "BettrUITests" */;
			buildPhases = (
				928A70DF2E0753E3005E93FE /* Sources */,
				928A70E02E0753E3005E93FE /* Frameworks */,
				928A70E12E0753E3005E93FE /* Resources */,
			);
			buildRules = (
			);
			dependencies = (
				928A70E52E0753E3005E93FE /* PBXTargetDependency */,
			);
			fileSystemSynchronizedGroups = (
				928A70E62E0753E3005E93FE /* BettrUITests */,
			);
			name = BettrUITests;
			packageProductDependencies = (
			);
			productName = BettrUITests;
			productReference = 928A70E32E0753E3005E93FE /* BettrUITests.xctest */;
			productType = "com.apple.product-type.bundle.ui-testing";
		};
		FBE8C3A92E2146BE00E4B4F6 /* activityMonitor */ = {
			isa = PBXNativeTarget;
			buildConfigurationList = FBE8C3B92E2146BE00E4B4F6 /* Build configuration list for PBXNativeTarget "activityMonitor" */;
			buildPhases = (
				FBE8C3A62E2146BE00E4B4F6 /* Sources */,
				FBE8C3A72E2146BE00E4B4F6 /* Frameworks */,
				FBE8C3A82E2146BE00E4B4F6 /* Resources */,
			);
			buildRules = (
			);
			dependencies = (
			);
			fileSystemSynchronizedGroups = (
				FBE8C3AD2E2146BE00E4B4F6 /* activityMonitor */,
			);
			name = activityMonitor;
			packageProductDependencies = (
			);
			productName = activityMonitor;
			productReference = FBE8C3AA2E2146BE00E4B4F6 /* activityMonitor.appex */;
			productType = "com.apple.product-type.app-extension";
		};
		FBE8C3C12E21477A00E4B4F6 /* shieldUI */ = {
			isa = PBXNativeTarget;
			buildConfigurationList = FBE8C3D02E21477A00E4B4F6 /* Build configuration list for PBXNativeTarget "shieldUI" */;
			buildPhases = (
				FBE8C3BE2E21477A00E4B4F6 /* Sources */,
				FBE8C3BF2E21477A00E4B4F6 /* Frameworks */,
				FBE8C3C02E21477A00E4B4F6 /* Resources */,
			);
			buildRules = (
			);
			dependencies = (
			);
			fileSystemSynchronizedGroups = (
				FBE8C3C72E21477A00E4B4F6 /* shieldUI */,
			);
			name = shieldUI;
			packageProductDependencies = (
			);
			productName = shieldUI;
			productReference = FBE8C3C22E21477A00E4B4F6 /* shieldUI.appex */;
			productType = "com.apple.product-type.app-extension";
		};
		FBE8C3D62E21478900E4B4F6 /* shieldAction */ = {
			isa = PBXNativeTarget;
			buildConfigurationList = FBE8C3E22E21478900E4B4F6 /* Build configuration list for PBXNativeTarget "shieldAction" */;
			buildPhases = (
				FBE8C3D32E21478900E4B4F6 /* Sources */,
				FBE8C3D42E21478900E4B4F6 /* Frameworks */,
				FBE8C3D52E21478900E4B4F6 /* Resources */,
			);
			buildRules = (
			);
			dependencies = (
			);
			fileSystemSynchronizedGroups = (
				FBE8C3D92E21478900E4B4F6 /* shieldAction */,
			);
			name = shieldAction;
			packageProductDependencies = (
			);
			productName = shieldAction;
			productReference = FBE8C3D72E21478900E4B4F6 /* shieldAction.appex */;
			productType = "com.apple.product-type.app-extension";
		};
		FBE8C3E82E21631900E4B4F6 /* activityReport */ = {
			isa = PBXNativeTarget;
			buildConfigurationList = FBE8C3F72E21631900E4B4F6 /* Build configuration list for PBXNativeTarget "activityReport" */;
			buildPhases = (
				FBE8C3E52E21631900E4B4F6 /* Sources */,
				FBE8C3E62E21631900E4B4F6 /* Frameworks */,
				FBE8C3E72E21631900E4B4F6 /* Resources */,
			);
			buildRules = (
			);
			dependencies = (
			);
			fileSystemSynchronizedGroups = (
				FBE8C3EA2E21631900E4B4F6 /* activityReport */,
			);
			name = activityReport;
			packageProductDependencies = (
			);
			productName = activityReport;
			productReference = FBE8C3E92E21631900E4B4F6 /* activityReport.appex */;
			productType = "com.apple.product-type.extensionkit-extension";
		};
/* End PBXNativeTarget section */

/* Begin PBXProject section */
		928A70C32E0753E2005E93FE /* Project object */ = {
			isa = PBXProject;
			attributes = {
				BuildIndependentTargetsInParallel = 1;
				LastSwiftUpdateCheck = 1640;
				LastUpgradeCheck = 1640;
				TargetAttributes = {
					928A70CA2E0753E2005E93FE = {
						CreatedOnToolsVersion = 16.4;
					};
					928A70D82E0753E3005E93FE = {
						CreatedOnToolsVersion = 16.4;
						TestTargetID = 928A70CA2E0753E2005E93FE;
					};
					928A70E22E0753E3005E93FE = {
						CreatedOnToolsVersion = 16.4;
						TestTargetID = 928A70CA2E0753E2005E93FE;
					};
					FBE8C3A92E2146BE00E4B4F6 = {
						CreatedOnToolsVersion = 16.4;
					};
					FBE8C3C12E21477A00E4B4F6 = {
						CreatedOnToolsVersion = 16.4;
					};
					FBE8C3D62E21478900E4B4F6 = {
						CreatedOnToolsVersion = 16.4;
					};
					FBE8C3E82E21631900E4B4F6 = {
						CreatedOnToolsVersion = 16.4;
					};
				};
			};
			buildConfigurationList = 928A70C62E0753E2005E93FE /* Build configuration list for PBXProject "Bettr" */;
			developmentRegion = en;
			hasScannedForEncodings = 0;
			knownRegions = (
				en,
				Base,
			);
			mainGroup = 928A70C22E0753E2005E93FE;
			minimizedProjectReferenceProxies = 1;
			packageReferences = (
				928A71242E08B69A005E93FE /* XCRemoteSwiftPackageReference "firebase-ios-sdk" */,
			);
			preferredProjectObjectVersion = 77;
			productRefGroup = 928A70CC2E0753E2005E93FE /* Products */;
			projectDirPath = "";
			projectRoot = "";
			targets = (
				928A70CA2E0753E2005E93FE /* Bettr */,
				928A70D82E0753E3005E93FE /* BettrTests */,
				928A70E22E0753E3005E93FE /* BettrUITests */,
				FBE8C3A92E2146BE00E4B4F6 /* activityMonitor */,
				FBE8C3C12E21477A00E4B4F6 /* shieldUI */,
				FBE8C3D62E21478900E4B4F6 /* shieldAction */,
				FBE8C3E82E21631900E4B4F6 /* activityReport */,
			);
		};
/* End PBXProject section */

/* Begin PBXResourcesBuildPhase section */
		928A70C92E0753E2005E93FE /* Resources */ = {
			isa = PBXResourcesBuildPhase;
			buildActionMask = 2147483647;
			files = (
			);
			runOnlyForDeploymentPostprocessing = 0;
		};
		928A70D72E0753E3005E93FE /* Resources */ = {
			isa = PBXResourcesBuildPhase;
			buildActionMask = 2147483647;
			files = (
			);
			runOnlyForDeploymentPostprocessing = 0;
		};
		928A70E12E0753E3005E93FE /* Resources */ = {
			isa = PBXResourcesBuildPhase;
			buildActionMask = 2147483647;
			files = (
			);
			runOnlyForDeploymentPostprocessing = 0;
		};
		FBE8C3A82E2146BE00E4B4F6 /* Resources */ = {
			isa = PBXResourcesBuildPhase;
			buildActionMask = 2147483647;
			files = (
			);
			runOnlyForDeploymentPostprocessing = 0;
		};
		FBE8C3C02E21477A00E4B4F6 /* Resources */ = {
			isa = PBXResourcesBuildPhase;
			buildActionMask = 2147483647;
			files = (
			);
			runOnlyForDeploymentPostprocessing = 0;
		};
		FBE8C3D52E21478900E4B4F6 /* Resources */ = {
			isa = PBXResourcesBuildPhase;
			buildActionMask = 2147483647;
			files = (
			);
			runOnlyForDeploymentPostprocessing = 0;
		};
		FBE8C3E72E21631900E4B4F6 /* Resources */ = {
			isa = PBXResourcesBuildPhase;
			buildActionMask = 2147483647;
			files = (
			);
			runOnlyForDeploymentPostprocessing = 0;
		};
/* End PBXResourcesBuildPhase section */

/* Begin PBXSourcesBuildPhase section */
		928A70C72E0753E2005E93FE /* Sources */ = {
			isa = PBXSourcesBuildPhase;
			buildActionMask = 2147483647;
			files = (
			);
			runOnlyForDeploymentPostprocessing = 0;
		};
		928A70D52E0753E3005E93FE /* Sources */ = {
			isa = PBXSourcesBuildPhase;
			buildActionMask = 2147483647;
			files = (
			);
			runOnlyForDeploymentPostprocessing = 0;
		};
		928A70DF2E0753E3005E93FE /* Sources */ = {
			isa = PBXSourcesBuildPhase;
			buildActionMask = 2147483647;
			files = (
			);
			runOnlyForDeploymentPostprocessing = 0;
		};
		FBE8C3A62E2146BE00E4B4F6 /* Sources */ = {
			isa = PBXSourcesBuildPhase;
			buildActionMask = 2147483647;
			files = (
			);
			runOnlyForDeploymentPostprocessing = 0;
		};
		FBE8C3BE2E21477A00E4B4F6 /* Sources */ = {
			isa = PBXSourcesBuildPhase;
			buildActionMask = 2147483647;
			files = (
			);
			runOnlyForDeploymentPostprocessing = 0;
		};
		FBE8C3D32E21478900E4B4F6 /* Sources */ = {
			isa = PBXSourcesBuildPhase;
			buildActionMask = 2147483647;
			files = (
			);
			runOnlyForDeploymentPostprocessing = 0;
		};
		FBE8C3E52E21631900E4B4F6 /* Sources */ = {
			isa = PBXSourcesBuildPhase;
			buildActionMask = 2147483647;
			files = (
			);
			runOnlyForDeploymentPostprocessing = 0;
		};
/* End PBXSourcesBuildPhase section */

/* Begin PBXTargetDependency section */
		928A70DB2E0753E3005E93FE /* PBXTargetDependency */ = {
			isa = PBXTargetDependency;
			target = 928A70CA2E0753E2005E93FE /* Bettr */;
			targetProxy = 928A70DA2E0753E3005E93FE /* PBXContainerItemProxy */;
		};
		928A70E52E0753E3005E93FE /* PBXTargetDependency */ = {
			isa = PBXTargetDependency;
			target = 928A70CA2E0753E2005E93FE /* Bettr */;
			targetProxy = 928A70E42E0753E3005E93FE /* PBXContainerItemProxy */;
		};
		FBE8C3B32E2146BE00E4B4F6 /* PBXTargetDependency */ = {
			isa = PBXTargetDependency;
			target = FBE8C3A92E2146BE00E4B4F6 /* activityMonitor */;
			targetProxy = FBE8C3B22E2146BE00E4B4F6 /* PBXContainerItemProxy */;
		};
		FBE8C3CD2E21477A00E4B4F6 /* PBXTargetDependency */ = {
			isa = PBXTargetDependency;
			target = FBE8C3C12E21477A00E4B4F6 /* shieldUI */;
			targetProxy = FBE8C3CC2E21477A00E4B4F6 /* PBXContainerItemProxy */;
		};
		FBE8C3DF2E21478900E4B4F6 /* PBXTargetDependency */ = {
			isa = PBXTargetDependency;
			target = FBE8C3D62E21478900E4B4F6 /* shieldAction */;
			targetProxy = FBE8C3DE2E21478900E4B4F6 /* PBXContainerItemProxy */;
		};
		FBE8C3F42E21631900E4B4F6 /* PBXTargetDependency */ = {
			isa = PBXTargetDependency;
			target = FBE8C3E82E21631900E4B4F6 /* activityReport */;
			targetProxy = FBE8C3F32E21631900E4B4F6 /* PBXContainerItemProxy */;
		};
/* End PBXTargetDependency section */

/* Begin XCBuildConfiguration section */
		928A70EB2E0753E3005E93FE /* Debug */ = {
			isa = XCBuildConfiguration;
			buildSettings = {
				ALWAYS_SEARCH_USER_PATHS = NO;
				ASSETCATALOG_COMPILER_GENERATE_SWIFT_ASSET_SYMBOL_EXTENSIONS = YES;
				CLANG_ANALYZER_NONNULL = YES;
				CLANG_ANALYZER_NUMBER_OBJECT_CONVERSION = YES_AGGRESSIVE;
				CLANG_CXX_LANGUAGE_STANDARD = "gnu++20";
				CLANG_ENABLE_MODULES = YES;
				CLANG_ENABLE_OBJC_ARC = YES;
				CLANG_ENABLE_OBJC_WEAK = YES;
				CLANG_WARN_BLOCK_CAPTURE_AUTORELEASING = YES;
				CLANG_WARN_BOOL_CONVERSION = YES;
				CLANG_WARN_COMMA = YES;
				CLANG_WARN_CONSTANT_CONVERSION = YES;
				CLANG_WARN_DEPRECATED_OBJC_IMPLEMENTATIONS = YES;
				CLANG_WARN_DIRECT_OBJC_ISA_USAGE = YES_ERROR;
				CLANG_WARN_DOCUMENTATION_COMMENTS = YES;
				CLANG_WARN_EMPTY_BODY = YES;
				CLANG_WARN_ENUM_CONVERSION = YES;
				CLANG_WARN_INFINITE_RECURSION = YES;
				CLANG_WARN_INT_CONVERSION = YES;
				CLANG_WARN_NON_LITERAL_NULL_CONVERSION = YES;
				CLANG_WARN_OBJC_IMPLICIT_RETAIN_SELF = YES;
				CLANG_WARN_OBJC_LITERAL_CONVERSION = YES;
				CLANG_WARN_OBJC_ROOT_CLASS = YES_ERROR;
				CLANG_WARN_QUOTED_INCLUDE_IN_FRAMEWORK_HEADER = YES;
				CLANG_WARN_RANGE_LOOP_ANALYSIS = YES;
				CLANG_WARN_STRICT_PROTOTYPES = YES;
				CLANG_WARN_SUSPICIOUS_MOVE = YES;
				CLANG_WARN_UNGUARDED_AVAILABILITY = YES_AGGRESSIVE;
				CLANG_WARN_UNREACHABLE_CODE = YES;
				CLANG_WARN__DUPLICATE_METHOD_MATCH = YES;
				COPY_PHASE_STRIP = NO;
				DEBUG_INFORMATION_FORMAT = dwarf;
				DEVELOPMENT_TEAM = EN94KFC4U5;
				ENABLE_STRICT_OBJC_MSGSEND = YES;
				ENABLE_TESTABILITY = YES;
				ENABLE_USER_SCRIPT_SANDBOXING = YES;
				GCC_C_LANGUAGE_STANDARD = gnu17;
				GCC_DYNAMIC_NO_PIC = NO;
				GCC_NO_COMMON_BLOCKS = YES;
				GCC_OPTIMIZATION_LEVEL = 0;
				GCC_PREPROCESSOR_DEFINITIONS = (
					"DEBUG=1",
					"$(inherited)",
				);
				GCC_WARN_64_TO_32_BIT_CONVERSION = YES;
				GCC_WARN_ABOUT_RETURN_TYPE = YES_ERROR;
				GCC_WARN_UNDECLARED_SELECTOR = YES;
				GCC_WARN_UNINITIALIZED_AUTOS = YES_AGGRESSIVE;
				GCC_WARN_UNUSED_FUNCTION = YES;
				GCC_WARN_UNUSED_VARIABLE = YES;
				LOCALIZATION_PREFERS_STRING_CATALOGS = YES;
				MTL_ENABLE_DEBUG_INFO = INCLUDE_SOURCE;
				MTL_FAST_MATH = YES;
				ONLY_ACTIVE_ARCH = YES;
				SWIFT_ACTIVE_COMPILATION_CONDITIONS = "DEBUG $(inherited)";
				SWIFT_OPTIMIZATION_LEVEL = "-Onone";
			};
			name = Debug;
		};
		928A70EC2E0753E3005E93FE /* Release */ = {
			isa = XCBuildConfiguration;
			buildSettings = {
				ALWAYS_SEARCH_USER_PATHS = NO;
				ASSETCATALOG_COMPILER_GENERATE_SWIFT_ASSET_SYMBOL_EXTENSIONS = YES;
				CLANG_ANALYZER_NONNULL = YES;
				CLANG_ANALYZER_NUMBER_OBJECT_CONVERSION = YES_AGGRESSIVE;
				CLANG_CXX_LANGUAGE_STANDARD = "gnu++20";
				CLANG_ENABLE_MODULES = YES;
				CLANG_ENABLE_OBJC_ARC = YES;
				CLANG_ENABLE_OBJC_WEAK = YES;
				CLANG_WARN_BLOCK_CAPTURE_AUTORELEASING = YES;
				CLANG_WARN_BOOL_CONVERSION = YES;
				CLANG_WARN_COMMA = YES;
				CLANG_WARN_CONSTANT_CONVERSION = YES;
				CLANG_WARN_DEPRECATED_OBJC_IMPLEMENTATIONS = YES;
				CLANG_WARN_DIRECT_OBJC_ISA_USAGE = YES_ERROR;
				CLANG_WARN_DOCUMENTATION_COMMENTS = YES;
				CLANG_WARN_EMPTY_BODY = YES;
				CLANG_WARN_ENUM_CONVERSION = YES;
				CLANG_WARN_INFINITE_RECURSION = YES;
				CLANG_WARN_INT_CONVERSION = YES;
				CLANG_WARN_NON_LITERAL_NULL_CONVERSION = YES;
				CLANG_WARN_OBJC_IMPLICIT_RETAIN_SELF = YES;
				CLANG_WARN_OBJC_LITERAL_CONVERSION = YES;
				CLANG_WARN_OBJC_ROOT_CLASS = YES_ERROR;
				CLANG_WARN_QUOTED_INCLUDE_IN_FRAMEWORK_HEADER = YES;
				CLANG_WARN_RANGE_LOOP_ANALYSIS = YES;
				CLANG_WARN_STRICT_PROTOTYPES = YES;
				CLANG_WARN_SUSPICIOUS_MOVE = YES;
				CLANG_WARN_UNGUARDED_AVAILABILITY = YES_AGGRESSIVE;
				CLANG_WARN_UNREACHABLE_CODE = YES;
				CLANG_WARN__DUPLICATE_METHOD_MATCH = YES;
				COPY_PHASE_STRIP = NO;
				DEBUG_INFORMATION_FORMAT = "dwarf-with-dsym";
				DEVELOPMENT_TEAM = EN94KFC4U5;
				ENABLE_NS_ASSERTIONS = NO;
				ENABLE_STRICT_OBJC_MSGSEND = YES;
				ENABLE_USER_SCRIPT_SANDBOXING = YES;
				GCC_C_LANGUAGE_STANDARD = gnu17;
				GCC_NO_COMMON_BLOCKS = YES;
				GCC_WARN_64_TO_32_BIT_CONVERSION = YES;
				GCC_WARN_ABOUT_RETURN_TYPE = YES_ERROR;
				GCC_WARN_UNDECLARED_SELECTOR = YES;
				GCC_WARN_UNINITIALIZED_AUTOS = YES_AGGRESSIVE;
				GCC_WARN_UNUSED_FUNCTION = YES;
				GCC_WARN_UNUSED_VARIABLE = YES;
				LOCALIZATION_PREFERS_STRING_CATALOGS = YES;
				MTL_ENABLE_DEBUG_INFO = NO;
				MTL_FAST_MATH = YES;
				SWIFT_COMPILATION_MODE = wholemodule;
			};
			name = Release;
		};
		928A70EE2E0753E3005E93FE /* Debug */ = {
			isa = XCBuildConfiguration;
			buildSettings = {
				ASSETCATALOG_COMPILER_APPICON_NAME = AppIcon;
				ASSETCATALOG_COMPILER_GLOBAL_ACCENT_COLOR_NAME = AccentColor;
				CODE_SIGN_ENTITLEMENTS = Bettr/Bettr.entitlements;
				"CODE_SIGN_IDENTITY[sdk=macosx*]" = "Apple Development";
				CODE_SIGN_STYLE = Automatic;
				CURRENT_PROJECT_VERSION = 1;
				DEVELOPMENT_TEAM = EN94KFC4U5;
				ENABLE_HARDENED_RUNTIME = YES;
				ENABLE_PREVIEWS = YES;
				GENERATE_INFOPLIST_FILE = YES;
				"INFOPLIST_KEY_UIApplicationSceneManifest_Generation[sdk=iphoneos*]" = YES;
				"INFOPLIST_KEY_UIApplicationSceneManifest_Generation[sdk=iphonesimulator*]" = YES;
				"INFOPLIST_KEY_UIApplicationSupportsIndirectInputEvents[sdk=iphoneos*]" = YES;
				"INFOPLIST_KEY_UIApplicationSupportsIndirectInputEvents[sdk=iphonesimulator*]" = YES;
				"INFOPLIST_KEY_UILaunchScreen_Generation[sdk=iphoneos*]" = YES;
				"INFOPLIST_KEY_UILaunchScreen_Generation[sdk=iphonesimulator*]" = YES;
				INFOPLIST_KEY_UILaunchStoryboardName = "Launch Screen.storyboard";
				"INFOPLIST_KEY_UIStatusBarStyle[sdk=iphoneos*]" = UIStatusBarStyleDefault;
				"INFOPLIST_KEY_UIStatusBarStyle[sdk=iphonesimulator*]" = UIStatusBarStyleDefault;
				INFOPLIST_KEY_UISupportedInterfaceOrientations_iPad = "UIInterfaceOrientationPortrait UIInterfaceOrientationPortraitUpsideDown UIInterfaceOrientationLandscapeLeft UIInterfaceOrientationLandscapeRight";
				INFOPLIST_KEY_UISupportedInterfaceOrientations_iPhone = "UIInterfaceOrientationPortrait UIInterfaceOrientationLandscapeLeft UIInterfaceOrientationLandscapeRight";
				IPHONEOS_DEPLOYMENT_TARGET = 18.5;
				LD_RUNPATH_SEARCH_PATHS = "@executable_path/Frameworks";
				"LD_RUNPATH_SEARCH_PATHS[sdk=macosx*]" = "@executable_path/../Frameworks";
				MACOSX_DEPLOYMENT_TARGET = 15.5;
				MARKETING_VERSION = 1.0;
				PRODUCT_BUNDLE_IDENTIFIER = bettr.Bettr;
				PRODUCT_NAME = "$(TARGET_NAME)";
				REGISTER_APP_GROUPS = YES;
				SDKROOT = auto;
				SUPPORTED_PLATFORMS = "iphoneos iphonesimulator macosx xros xrsimulator";
				SWIFT_EMIT_LOC_STRINGS = YES;
				SWIFT_VERSION = 5.0;
				TARGETED_DEVICE_FAMILY = "1,2,7";
				XROS_DEPLOYMENT_TARGET = 2.5;
			};
			name = Debug;
		};
		928A70EF2E0753E3005E93FE /* Release */ = {
			isa = XCBuildConfiguration;
			buildSettings = {
				ASSETCATALOG_COMPILER_APPICON_NAME = AppIcon;
				ASSETCATALOG_COMPILER_GLOBAL_ACCENT_COLOR_NAME = AccentColor;
				CODE_SIGN_ENTITLEMENTS = Bettr/Bettr.entitlements;
				"CODE_SIGN_IDENTITY[sdk=macosx*]" = "Apple Development";
				CODE_SIGN_STYLE = Automatic;
				CURRENT_PROJECT_VERSION = 1;
				DEVELOPMENT_TEAM = EN94KFC4U5;
				ENABLE_HARDENED_RUNTIME = YES;
				ENABLE_PREVIEWS = YES;
				GENERATE_INFOPLIST_FILE = YES;
				"INFOPLIST_KEY_UIApplicationSceneManifest_Generation[sdk=iphoneos*]" = YES;
				"INFOPLIST_KEY_UIApplicationSceneManifest_Generation[sdk=iphonesimulator*]" = YES;
				"INFOPLIST_KEY_UIApplicationSupportsIndirectInputEvents[sdk=iphoneos*]" = YES;
				"INFOPLIST_KEY_UIApplicationSupportsIndirectInputEvents[sdk=iphonesimulator*]" = YES;
				"INFOPLIST_KEY_UILaunchScreen_Generation[sdk=iphoneos*]" = YES;
				"INFOPLIST_KEY_UILaunchScreen_Generation[sdk=iphonesimulator*]" = YES;
				INFOPLIST_KEY_UILaunchStoryboardName = "Launch Screen.storyboard";
				"INFOPLIST_KEY_UIStatusBarStyle[sdk=iphoneos*]" = UIStatusBarStyleDefault;
				"INFOPLIST_KEY_UIStatusBarStyle[sdk=iphonesimulator*]" = UIStatusBarStyleDefault;
				INFOPLIST_KEY_UISupportedInterfaceOrientations_iPad = "UIInterfaceOrientationPortrait UIInterfaceOrientationPortraitUpsideDown UIInterfaceOrientationLandscapeLeft UIInterfaceOrientationLandscapeRight";
				INFOPLIST_KEY_UISupportedInterfaceOrientations_iPhone = "UIInterfaceOrientationPortrait UIInterfaceOrientationLandscapeLeft UIInterfaceOrientationLandscapeRight";
				IPHONEOS_DEPLOYMENT_TARGET = 18.5;
				LD_RUNPATH_SEARCH_PATHS = "@executable_path/Frameworks";
				"LD_RUNPATH_SEARCH_PATHS[sdk=macosx*]" = "@executable_path/../Frameworks";
				MACOSX_DEPLOYMENT_TARGET = 15.5;
				MARKETING_VERSION = 1.0;
				PRODUCT_BUNDLE_IDENTIFIER = bettr.Bettr;
				PRODUCT_NAME = "$(TARGET_NAME)";
				REGISTER_APP_GROUPS = YES;
				SDKROOT = auto;
				SUPPORTED_PLATFORMS = "iphoneos iphonesimulator macosx xros xrsimulator";
				SWIFT_EMIT_LOC_STRINGS = YES;
				SWIFT_VERSION = 5.0;
				TARGETED_DEVICE_FAMILY = "1,2,7";
				XROS_DEPLOYMENT_TARGET = 2.5;
			};
			name = Release;
		};
		928A70F12E0753E3005E93FE /* Debug */ = {
			isa = XCBuildConfiguration;
			buildSettings = {
				BUNDLE_LOADER = "$(TEST_HOST)";
				CODE_SIGN_STYLE = Automatic;
				CURRENT_PROJECT_VERSION = 1;
				DEVELOPMENT_TEAM = EN94KFC4U5;
				GENERATE_INFOPLIST_FILE = YES;
				IPHONEOS_DEPLOYMENT_TARGET = 18.5;
				MACOSX_DEPLOYMENT_TARGET = 15.5;
				MARKETING_VERSION = 1.0;
				PRODUCT_BUNDLE_IDENTIFIER = bettr.BettrTests;
				PRODUCT_NAME = "$(TARGET_NAME)";
				SDKROOT = auto;
				SUPPORTED_PLATFORMS = "iphoneos iphonesimulator macosx xros xrsimulator";
				SWIFT_EMIT_LOC_STRINGS = NO;
				SWIFT_VERSION = 5.0;
				TARGETED_DEVICE_FAMILY = "1,2,7";
				TEST_HOST = "$(BUILT_PRODUCTS_DIR)/Bettr.app/$(BUNDLE_EXECUTABLE_FOLDER_PATH)/Bettr";
				XROS_DEPLOYMENT_TARGET = 2.5;
			};
			name = Debug;
		};
		928A70F22E0753E3005E93FE /* Release */ = {
			isa = XCBuildConfiguration;
			buildSettings = {
				BUNDLE_LOADER = "$(TEST_HOST)";
				CODE_SIGN_STYLE = Automatic;
				CURRENT_PROJECT_VERSION = 1;
				DEVELOPMENT_TEAM = EN94KFC4U5;
				GENERATE_INFOPLIST_FILE = YES;
				IPHONEOS_DEPLOYMENT_TARGET = 18.5;
				MACOSX_DEPLOYMENT_TARGET = 15.5;
				MARKETING_VERSION = 1.0;
				PRODUCT_BUNDLE_IDENTIFIER = bettr.BettrTests;
				PRODUCT_NAME = "$(TARGET_NAME)";
				SDKROOT = auto;
				SUPPORTED_PLATFORMS = "iphoneos iphonesimulator macosx xros xrsimulator";
				SWIFT_EMIT_LOC_STRINGS = NO;
				SWIFT_VERSION = 5.0;
				TARGETED_DEVICE_FAMILY = "1,2,7";
				TEST_HOST = "$(BUILT_PRODUCTS_DIR)/Bettr.app/$(BUNDLE_EXECUTABLE_FOLDER_PATH)/Bettr";
				XROS_DEPLOYMENT_TARGET = 2.5;
			};
			name = Release;
		};
		928A70F42E0753E3005E93FE /* Debug */ = {
			isa = XCBuildConfiguration;
			buildSettings = {
				CODE_SIGN_STYLE = Automatic;
				CURRENT_PROJECT_VERSION = 1;
				DEVELOPMENT_TEAM = EN94KFC4U5;
				GENERATE_INFOPLIST_FILE = YES;
				IPHONEOS_DEPLOYMENT_TARGET = 18.5;
				MACOSX_DEPLOYMENT_TARGET = 15.5;
				MARKETING_VERSION = 1.0;
				PRODUCT_BUNDLE_IDENTIFIER = bettr.BettrUITests;
				PRODUCT_NAME = "$(TARGET_NAME)";
				SDKROOT = auto;
				SUPPORTED_PLATFORMS = "iphoneos iphonesimulator macosx xros xrsimulator";
				SWIFT_EMIT_LOC_STRINGS = NO;
				SWIFT_VERSION = 5.0;
				TARGETED_DEVICE_FAMILY = "1,2,7";
				TEST_TARGET_NAME = Bettr;
				XROS_DEPLOYMENT_TARGET = 2.5;
			};
			name = Debug;
		};
		928A70F52E0753E3005E93FE /* Release */ = {
			isa = XCBuildConfiguration;
			buildSettings = {
				CODE_SIGN_STYLE = Automatic;
				CURRENT_PROJECT_VERSION = 1;
				DEVELOPMENT_TEAM = EN94KFC4U5;
				GENERATE_INFOPLIST_FILE = YES;
				IPHONEOS_DEPLOYMENT_TARGET = 18.5;
				MACOSX_DEPLOYMENT_TARGET = 15.5;
				MARKETING_VERSION = 1.0;
				PRODUCT_BUNDLE_IDENTIFIER = bettr.BettrUITests;
				PRODUCT_NAME = "$(TARGET_NAME)";
				SDKROOT = auto;
				SUPPORTED_PLATFORMS = "iphoneos iphonesimulator macosx xros xrsimulator";
				SWIFT_EMIT_LOC_STRINGS = NO;
				SWIFT_VERSION = 5.0;
				TARGETED_DEVICE_FAMILY = "1,2,7";
				TEST_TARGET_NAME = Bettr;
				XROS_DEPLOYMENT_TARGET = 2.5;
			};
			name = Release;
		};
		FBE8C3B62E2146BE00E4B4F6 /* Debug */ = {
			isa = XCBuildConfiguration;
			buildSettings = {
				CODE_SIGN_ENTITLEMENTS = activityMonitor/activityMonitor.entitlements;
				CODE_SIGN_STYLE = Automatic;
				CURRENT_PROJECT_VERSION = 1;
				DEVELOPMENT_TEAM = EN94KFC4U5;
				GENERATE_INFOPLIST_FILE = YES;
				INFOPLIST_FILE = activityMonitor/Info.plist;
				INFOPLIST_KEY_CFBundleDisplayName = activityMonitor;
				INFOPLIST_KEY_NSHumanReadableCopyright = "";
				IPHONEOS_DEPLOYMENT_TARGET = 18.5;
				LD_RUNPATH_SEARCH_PATHS = (
					"$(inherited)",
					"@executable_path/Frameworks",
					"@executable_path/../../Frameworks",
				);
				MARKETING_VERSION = 1.0;
				PRODUCT_BUNDLE_IDENTIFIER = bettr.Bettr.activityMonitor;
				PRODUCT_NAME = "$(TARGET_NAME)";
				SDKROOT = iphoneos;
				SKIP_INSTALL = YES;
				SWIFT_EMIT_LOC_STRINGS = YES;
				SWIFT_VERSION = 5.0;
				TARGETED_DEVICE_FAMILY = "1,2";
			};
			name = Debug;
		};
		FBE8C3B72E2146BE00E4B4F6 /* Release */ = {
			isa = XCBuildConfiguration;
			buildSettings = {
				CODE_SIGN_ENTITLEMENTS = activityMonitor/activityMonitor.entitlements;
				CODE_SIGN_STYLE = Automatic;
				CURRENT_PROJECT_VERSION = 1;
				DEVELOPMENT_TEAM = EN94KFC4U5;
				GENERATE_INFOPLIST_FILE = YES;
				INFOPLIST_FILE = activityMonitor/Info.plist;
				INFOPLIST_KEY_CFBundleDisplayName = activityMonitor;
				INFOPLIST_KEY_NSHumanReadableCopyright = "";
				IPHONEOS_DEPLOYMENT_TARGET = 18.5;
				LD_RUNPATH_SEARCH_PATHS = (
					"$(inherited)",
					"@executable_path/Frameworks",
					"@executable_path/../../Frameworks",
				);
				MARKETING_VERSION = 1.0;
				PRODUCT_BUNDLE_IDENTIFIER = bettr.Bettr.activityMonitor;
				PRODUCT_NAME = "$(TARGET_NAME)";
				SDKROOT = iphoneos;
				SKIP_INSTALL = YES;
				SWIFT_EMIT_LOC_STRINGS = YES;
				SWIFT_VERSION = 5.0;
				TARGETED_DEVICE_FAMILY = "1,2";
				VALIDATE_PRODUCT = YES;
			};
			name = Release;
		};
		FBE8C3D12E21477A00E4B4F6 /* Debug */ = {
			isa = XCBuildConfiguration;
			buildSettings = {
				CODE_SIGN_ENTITLEMENTS = shieldUI/shieldUI.entitlements;
				CODE_SIGN_STYLE = Automatic;
				CURRENT_PROJECT_VERSION = 1;
				DEVELOPMENT_TEAM = EN94KFC4U5;
				GENERATE_INFOPLIST_FILE = YES;
				INFOPLIST_FILE = shieldUI/Info.plist;
				INFOPLIST_KEY_CFBundleDisplayName = shieldUI;
				INFOPLIST_KEY_NSHumanReadableCopyright = "";
				IPHONEOS_DEPLOYMENT_TARGET = 18.5;
				LD_RUNPATH_SEARCH_PATHS = (
					"$(inherited)",
					"@executable_path/Frameworks",
					"@executable_path/../../Frameworks",
				);
				MARKETING_VERSION = 1.0;
				PRODUCT_BUNDLE_IDENTIFIER = bettr.Bettr.shieldUI;
				PRODUCT_NAME = "$(TARGET_NAME)";
				SDKROOT = iphoneos;
				SKIP_INSTALL = YES;
				SWIFT_EMIT_LOC_STRINGS = YES;
				SWIFT_VERSION = 5.0;
				TARGETED_DEVICE_FAMILY = "1,2";
			};
			name = Debug;
		};
		FBE8C3D22E21477A00E4B4F6 /* Release */ = {
			isa = XCBuildConfiguration;
			buildSettings = {
				CODE_SIGN_ENTITLEMENTS = shieldUI/shieldUI.entitlements;
				CODE_SIGN_STYLE = Automatic;
				CURRENT_PROJECT_VERSION = 1;
				DEVELOPMENT_TEAM = EN94KFC4U5;
				GENERATE_INFOPLIST_FILE = YES;
				INFOPLIST_FILE = shieldUI/Info.plist;
				INFOPLIST_KEY_CFBundleDisplayName = shieldUI;
				INFOPLIST_KEY_NSHumanReadableCopyright = "";
				IPHONEOS_DEPLOYMENT_TARGET = 18.5;
				LD_RUNPATH_SEARCH_PATHS = (
					"$(inherited)",
					"@executable_path/Frameworks",
					"@executable_path/../../Frameworks",
				);
				MARKETING_VERSION = 1.0;
				PRODUCT_BUNDLE_IDENTIFIER = bettr.Bettr.shieldUI;
				PRODUCT_NAME = "$(TARGET_NAME)";
				SDKROOT = iphoneos;
				SKIP_INSTALL = YES;
				SWIFT_EMIT_LOC_STRINGS = YES;
				SWIFT_VERSION = 5.0;
				TARGETED_DEVICE_FAMILY = "1,2";
				VALIDATE_PRODUCT = YES;
			};
			name = Release;
		};
		FBE8C3E32E21478900E4B4F6 /* Debug */ = {
			isa = XCBuildConfiguration;
			buildSettings = {
				CODE_SIGN_ENTITLEMENTS = shieldAction/shieldAction.entitlements;
				CODE_SIGN_STYLE = Automatic;
				CURRENT_PROJECT_VERSION = 1;
				DEVELOPMENT_TEAM = EN94KFC4U5;
				GENERATE_INFOPLIST_FILE = YES;
				INFOPLIST_FILE = shieldAction/Info.plist;
				INFOPLIST_KEY_CFBundleDisplayName = shieldAction;
				INFOPLIST_KEY_NSHumanReadableCopyright = "";
				IPHONEOS_DEPLOYMENT_TARGET = 18.5;
				LD_RUNPATH_SEARCH_PATHS = (
					"$(inherited)",
					"@executable_path/Frameworks",
					"@executable_path/../../Frameworks",
				);
				MARKETING_VERSION = 1.0;
				PRODUCT_BUNDLE_IDENTIFIER = bettr.Bettr.shieldAction;
				PRODUCT_NAME = "$(TARGET_NAME)";
				SDKROOT = iphoneos;
				SKIP_INSTALL = YES;
				SWIFT_EMIT_LOC_STRINGS = YES;
				SWIFT_VERSION = 5.0;
				TARGETED_DEVICE_FAMILY = "1,2";
			};
			name = Debug;
		};
		FBE8C3E42E21478900E4B4F6 /* Release */ = {
			isa = XCBuildConfiguration;
			buildSettings = {
				CODE_SIGN_ENTITLEMENTS = shieldAction/shieldAction.entitlements;
				CODE_SIGN_STYLE = Automatic;
				CURRENT_PROJECT_VERSION = 1;
				DEVELOPMENT_TEAM = EN94KFC4U5;
				GENERATE_INFOPLIST_FILE = YES;
				INFOPLIST_FILE = shieldAction/Info.plist;
				INFOPLIST_KEY_CFBundleDisplayName = shieldAction;
				INFOPLIST_KEY_NSHumanReadableCopyright = "";
				IPHONEOS_DEPLOYMENT_TARGET = 18.5;
				LD_RUNPATH_SEARCH_PATHS = (
					"$(inherited)",
					"@executable_path/Frameworks",
					"@executable_path/../../Frameworks",
				);
				MARKETING_VERSION = 1.0;
				PRODUCT_BUNDLE_IDENTIFIER = bettr.Bettr.shieldAction;
				PRODUCT_NAME = "$(TARGET_NAME)";
				SDKROOT = iphoneos;
				SKIP_INSTALL = YES;
				SWIFT_EMIT_LOC_STRINGS = YES;
				SWIFT_VERSION = 5.0;
				TARGETED_DEVICE_FAMILY = "1,2";
				VALIDATE_PRODUCT = YES;
			};
			name = Release;
		};
		FBE8C3F82E21631900E4B4F6 /* Debug */ = {
			isa = XCBuildConfiguration;
			buildSettings = {
				CODE_SIGN_ENTITLEMENTS = activityReport/activityReport.entitlements;
				CODE_SIGN_STYLE = Automatic;
				CURRENT_PROJECT_VERSION = 1;
				DEVELOPMENT_TEAM = EN94KFC4U5;
				GENERATE_INFOPLIST_FILE = YES;
				INFOPLIST_FILE = activityReport/Info.plist;
				INFOPLIST_KEY_CFBundleDisplayName = activityReport;
				INFOPLIST_KEY_NSHumanReadableCopyright = "";
				IPHONEOS_DEPLOYMENT_TARGET = 18.5;
				LD_RUNPATH_SEARCH_PATHS = (
					"$(inherited)",
					"@executable_path/Frameworks",
					"@executable_path/../../Frameworks",
				);
				MARKETING_VERSION = 1.0;
				PRODUCT_BUNDLE_IDENTIFIER = bettr.Bettr.activityReport;
				PRODUCT_NAME = "$(TARGET_NAME)";
				SDKROOT = iphoneos;
				SKIP_INSTALL = YES;
				SWIFT_EMIT_LOC_STRINGS = YES;
				SWIFT_VERSION = 5.0;
				TARGETED_DEVICE_FAMILY = "1,2";
			};
			name = Debug;
		};
		FBE8C3F92E21631900E4B4F6 /* Release */ = {
			isa = XCBuildConfiguration;
			buildSettings = {
				CODE_SIGN_ENTITLEMENTS = activityReport/activityReport.entitlements;
				CODE_SIGN_STYLE = Automatic;
				CURRENT_PROJECT_VERSION = 1;
				DEVELOPMENT_TEAM = EN94KFC4U5;
				GENERATE_INFOPLIST_FILE = YES;
				INFOPLIST_FILE = activityReport/Info.plist;
				INFOPLIST_KEY_CFBundleDisplayName = activityReport;
				INFOPLIST_KEY_NSHumanReadableCopyright = "";
				IPHONEOS_DEPLOYMENT_TARGET = 18.5;
				LD_RUNPATH_SEARCH_PATHS = (
					"$(inherited)",
					"@executable_path/Frameworks",
					"@executable_path/../../Frameworks",
				);
				MARKETING_VERSION = 1.0;
				PRODUCT_BUNDLE_IDENTIFIER = bettr.Bettr.activityReport;
				PRODUCT_NAME = "$(TARGET_NAME)";
				SDKROOT = iphoneos;
				SKIP_INSTALL = YES;
				SWIFT_EMIT_LOC_STRINGS = YES;
				SWIFT_VERSION = 5.0;
				TARGETED_DEVICE_FAMILY = "1,2";
				VALIDATE_PRODUCT = YES;
			};
			name = Release;
		};
/* End XCBuildConfiguration section */

/* Begin XCConfigurationList section */
		928A70C62E0753E2005E93FE /* Build configuration list for PBXProject "Bettr" */ = {
			isa = XCConfigurationList;
			buildConfigurations = (
				928A70EB2E0753E3005E93FE /* Debug */,
				928A70EC2E0753E3005E93FE /* Release */,
			);
			defaultConfigurationIsVisible = 0;
			defaultConfigurationName = Release;
		};
		928A70ED2E0753E3005E93FE /* Build configuration list for PBXNativeTarget "Bettr" */ = {
			isa = XCConfigurationList;
			buildConfigurations = (
				928A70EE2E0753E3005E93FE /* Debug */,
				928A70EF2E0753E3005E93FE /* Release */,
			);
			defaultConfigurationIsVisible = 0;
			defaultConfigurationName = Release;
		};
		928A70F02E0753E3005E93FE /* Build configuration list for PBXNativeTarget "BettrTests" */ = {
			isa = XCConfigurationList;
			buildConfigurations = (
				928A70F12E0753E3005E93FE /* Debug */,
				928A70F22E0753E3005E93FE /* Release */,
			);
			defaultConfigurationIsVisible = 0;
			defaultConfigurationName = Release;
		};
		928A70F32E0753E3005E93FE /* Build configuration list for PBXNativeTarget "BettrUITests" */ = {
			isa = XCConfigurationList;
			buildConfigurations = (
				928A70F42E0753E3005E93FE /* Debug */,
				928A70F52E0753E3005E93FE /* Release */,
			);
			defaultConfigurationIsVisible = 0;
			defaultConfigurationName = Release;
		};
		FBE8C3B92E2146BE00E4B4F6 /* Build configuration list for PBXNativeTarget "activityMonitor" */ = {
			isa = XCConfigurationList;
			buildConfigurations = (
				FBE8C3B62E2146BE00E4B4F6 /* Debug */,
				FBE8C3B72E2146BE00E4B4F6 /* Release */,
			);
			defaultConfigurationIsVisible = 0;
			defaultConfigurationName = Release;
		};
		FBE8C3D02E21477A00E4B4F6 /* Build configuration list for PBXNativeTarget "shieldUI" */ = {
			isa = XCConfigurationList;
			buildConfigurations = (
				FBE8C3D12E21477A00E4B4F6 /* Debug */,
				FBE8C3D22E21477A00E4B4F6 /* Release */,
			);
			defaultConfigurationIsVisible = 0;
			defaultConfigurationName = Release;
		};
		FBE8C3E22E21478900E4B4F6 /* Build configuration list for PBXNativeTarget "shieldAction" */ = {
			isa = XCConfigurationList;
			buildConfigurations = (
				FBE8C3E32E21478900E4B4F6 /* Debug */,
				FBE8C3E42E21478900E4B4F6 /* Release */,
			);
			defaultConfigurationIsVisible = 0;
			defaultConfigurationName = Release;
		};
		FBE8C3F72E21631900E4B4F6 /* Build configuration list for PBXNativeTarget "activityReport" */ = {
			isa = XCConfigurationList;
			buildConfigurations = (
				FBE8C3F82E21631900E4B4F6 /* Debug */,
				FBE8C3F92E21631900E4B4F6 /* Release */,
			);
			defaultConfigurationIsVisible = 0;
			defaultConfigurationName = Release;
		};
/* End XCConfigurationList section */

/* Begin XCRemoteSwiftPackageReference section */
		928A71242E08B69A005E93FE /* XCRemoteSwiftPackageReference "firebase-ios-sdk" */ = {
			isa = XCRemoteSwiftPackageReference;
			repositoryURL = "https://github.com/firebase/firebase-ios-sdk";
			requirement = {
				kind = upToNextMajorVersion;
				minimumVersion = 11.14.0;
			};
		};
/* End XCRemoteSwiftPackageReference section */

/* Begin XCSwiftPackageProductDependency section */
		928A71252E08B69A005E93FE /* FirebaseAI */ = {
			isa = XCSwiftPackageProductDependency;
			package = 928A71242E08B69A005E93FE /* XCRemoteSwiftPackageReference "firebase-ios-sdk" */;
			productName = FirebaseAI;
		};
		928A71272E08B69A005E93FE /* FirebaseAnalytics */ = {
			isa = XCSwiftPackageProductDependency;
			package = 928A71242E08B69A005E93FE /* XCRemoteSwiftPackageReference "firebase-ios-sdk" */;
			productName = FirebaseAnalytics;
		};
		928A71292E08B69A005E93FE /* FirebaseAnalyticsCore */ = {
			isa = XCSwiftPackageProductDependency;
			package = 928A71242E08B69A005E93FE /* XCRemoteSwiftPackageReference "firebase-ios-sdk" */;
			productName = FirebaseAnalyticsCore;
		};
		928A712B2E08B69A005E93FE /* FirebaseAnalyticsIdentitySupport */ = {
			isa = XCSwiftPackageProductDependency;
			package = 928A71242E08B69A005E93FE /* XCRemoteSwiftPackageReference "firebase-ios-sdk" */;
			productName = FirebaseAnalyticsIdentitySupport;
		};
		928A712D2E08B69A005E93FE /* FirebaseAnalyticsOnDeviceConversion */ = {
			isa = XCSwiftPackageProductDependency;
			package = 928A71242E08B69A005E93FE /* XCRemoteSwiftPackageReference "firebase-ios-sdk" */;
			productName = FirebaseAnalyticsOnDeviceConversion;
		};
		929717222E1C5A7B006EE123 /* FirebaseFirestore */ = {
			isa = XCSwiftPackageProductDependency;
			package = 928A71242E08B69A005E93FE /* XCRemoteSwiftPackageReference "firebase-ios-sdk" */;
			productName = FirebaseFirestore;
		};
		92E737B62E0DC33900640663 /* FirebaseAuth */ = {
			isa = XCSwiftPackageProductDependency;
			package = 928A71242E08B69A005E93FE /* XCRemoteSwiftPackageReference "firebase-ios-sdk" */;
			productName = FirebaseAuth;
		};
/* End XCSwiftPackageProductDependency section */
	};
	rootObject = 928A70C32E0753E2005E93FE /* Project object */;
}
